
Microsoft Visual Studio Solution File, Format Version 12.00
Project("{FAE04EC0-301F-11D3-BF4B-00C04F79EFBC}") = "WebApi", "WebApi\WebApi.csproj", "{B19451DE-D27A-4839-B3DE-70810822EB1D}"
EndProject
Project("{FAE04EC0-301F-11D3-BF4B-00C04F79EFBC}") = "Domain", "Domain\Domain.csproj", "{053A930E-2510-45A7-8619-5A856C99DE1B}"
EndProject
Project("{FAE04EC0-301F-11D3-BF4B-00C04F79EFBC}") = "Persistence", "Persistence\Persistence.csproj", "{8E383B93-125A-4742-B8CF-6EB40E7CFDE0}"
EndProject
Global
	GlobalSection(SolutionConfigurationPlatforms) = preSolution
		Debug|Any CPU = Debug|Any CPU
		Release|Any CPU = Release|Any CPU
	EndGlobalSection
	GlobalSection(ProjectConfigurationPlatforms) = postSolution
		{B19451DE-D27A-4839-B3DE-70810822EB1D}.Debug|Any CPU.ActiveCfg = Debug|Any CPU
		{B19451DE-D27A-4839-B3DE-70810822EB1D}.Debug|Any CPU.Build.0 = Debug|Any CPU
		{B19451DE-D27A-4839-B3DE-70810822EB1D}.Release|Any CPU.ActiveCfg = Release|Any CPU
		{B19451DE-D27A-4839-B3DE-70810822EB1D}.Release|Any CPU.Build.0 = Release|Any CPU
		{053A930E-2510-45A7-8619-5A856C99DE1B}.Debug|Any CPU.ActiveCfg = Debug|Any CPU
		{053A930E-2510-45A7-8619-5A856C99DE1B}.Debug|Any CPU.Build.0 = Debug|Any CPU
		{053A930E-2510-45A7-8619-5A856C99DE1B}.Release|Any CPU.ActiveCfg = Release|Any CPU
		{053A930E-2510-45A7-8619-5A856C99DE1B}.Release|Any CPU.Build.0 = Release|Any CPU
		{8E383B93-125A-4742-B8CF-6EB40E7CFDE0}.Debug|Any CPU.ActiveCfg = Debug|Any CPU
		{8E383B93-125A-4742-B8CF-6EB40E7CFDE0}.Debug|Any CPU.Build.0 = Debug|Any CPU
		{8E383B93-125A-4742-B8CF-6EB40E7CFDE0}.Release|Any CPU.ActiveCfg = Release|Any CPU
		{8E383B93-125A-4742-B8CF-6EB40E7CFDE0}.Release|Any CPU.Build.0 = Release|Any CPU
	EndGlobalSection
EndGlobal
